// !$*UTF8*$!
{
	archiveVersion = 1;
	classes = {
	};
	objectVersion = 56;
	objects = {

/* Begin PBXBuildFile section */
		3717CB002CC8B22A0074FCE4 /* ArticleView.swift in Sources */ = {isa = PBXBuildFile; fileRef = 3717CAFF2CC8B22A0074FCE4 /* ArticleView.swift */; };
		3717CB072CC917860074FCE4 /* ProfileHeaderView.swift in Sources */ = {isa = PBXBuildFile; fileRef = 3717CB062CC917860074FCE4 /* ProfileHeaderView.swift */; };
		3717CB0A2CC91E300074FCE4 /* Kingfisher in Frameworks */ = {isa = PBXBuildFile; productRef = 3717CB092CC91E300074FCE4 /* Kingfisher */; };
		3730B1402CC568D6006AA874 /* OnboardingView.swift in Sources */ = {isa = PBXBuildFile; fileRef = 3730B13F2CC568D6006AA874 /* OnboardingView.swift */; };
		3730B1422CC56913006AA874 /* OnboardingViewModel.swift in Sources */ = {isa = PBXBuildFile; fileRef = 3730B1412CC56913006AA874 /* OnboardingViewModel.swift */; };
		3730B1442CC5694B006AA874 /* MainViewModel.swift in Sources */ = {isa = PBXBuildFile; fileRef = 3730B1432CC5694B006AA874 /* MainViewModel.swift */; };
		3730B1462CC56969006AA874 /* MainView.swift in Sources */ = {isa = PBXBuildFile; fileRef = 3730B1452CC56969006AA874 /* MainView.swift */; };
		3730B1482CC5699B006AA874 /* ProfileViewModel.swift in Sources */ = {isa = PBXBuildFile; fileRef = 3730B1472CC5699B006AA874 /* ProfileViewModel.swift */; };
		3730B14A2CC569C5006AA874 /* ProfileView.swift in Sources */ = {isa = PBXBuildFile; fileRef = 3730B1492CC569C5006AA874 /* ProfileView.swift */; };
		3730B14C2CC569F9006AA874 /* DetailView.swift in Sources */ = {isa = PBXBuildFile; fileRef = 3730B14B2CC569F9006AA874 /* DetailView.swift */; };
		3730B14E2CC56A0C006AA874 /* DetailViewModel.swift in Sources */ = {isa = PBXBuildFile; fileRef = 3730B14D2CC56A0C006AA874 /* DetailViewModel.swift */; };
		3730B1502CC56A62006AA874 /* CustomTabBarView.swift in Sources */ = {isa = PBXBuildFile; fileRef = 3730B14F2CC56A62006AA874 /* CustomTabBarView.swift */; };
		3730B1522CC56A7C006AA874 /* CustomTabBar.swift in Sources */ = {isa = PBXBuildFile; fileRef = 3730B1512CC56A7C006AA874 /* CustomTabBar.swift */; };
		3730B1542CC56ACE006AA874 /* BookmarksView.swift in Sources */ = {isa = PBXBuildFile; fileRef = 3730B1532CC56ACE006AA874 /* BookmarksView.swift */; };
		3730B1562CC56AE9006AA874 /* BookmarksViewModel.swift in Sources */ = {isa = PBXBuildFile; fileRef = 3730B1552CC56AE9006AA874 /* BookmarksViewModel.swift */; };
		3730B1582CC56B4A006AA874 /* CategoriesView.swift in Sources */ = {isa = PBXBuildFile; fileRef = 3730B1572CC56B4A006AA874 /* CategoriesView.swift */; };
		3730B15A2CC56B68006AA874 /* CategoriesViewModel.swift in Sources */ = {isa = PBXBuildFile; fileRef = 3730B1592CC56B68006AA874 /* CategoriesViewModel.swift */; };
		3730B15C2CC56BC2006AA874 /* RegistrationScreen.swift in Sources */ = {isa = PBXBuildFile; fileRef = 3730B15B2CC56BC2006AA874 /* RegistrationScreen.swift */; };
		3730B15E2CC56BE5006AA874 /* UserModel.swift in Sources */ = {isa = PBXBuildFile; fileRef = 3730B15D2CC56BE5006AA874 /* UserModel.swift */; };
		3730B1882CC673E6006AA874 /* Resources.swift in Sources */ = {isa = PBXBuildFile; fileRef = 3730B1872CC673E6006AA874 /* Resources.swift */; };
		3730B18E2CC67457006AA874 /* CustomButton.swift in Sources */ = {isa = PBXBuildFile; fileRef = 3730B18D2CC67457006AA874 /* CustomButton.swift */; };
		374094932CC5306600723D32 /* NewsToDayAppApp.swift in Sources */ = {isa = PBXBuildFile; fileRef = 374094922CC5306600723D32 /* NewsToDayAppApp.swift */; };
		374094952CC5306600723D32 /* ContentView.swift in Sources */ = {isa = PBXBuildFile; fileRef = 374094942CC5306600723D32 /* ContentView.swift */; };
		374094972CC5306B00723D32 /* Assets.xcassets in Resources */ = {isa = PBXBuildFile; fileRef = 374094962CC5306B00723D32 /* Assets.xcassets */; };
		3740949A2CC5306B00723D32 /* Preview Assets.xcassets in Resources */ = {isa = PBXBuildFile; fileRef = 374094992CC5306B00723D32 /* Preview Assets.xcassets */; };
		6CD530DB2CC935FA00214899 /* CategoryNewsCell.swift in Sources */ = {isa = PBXBuildFile; fileRef = 6CD530DA2CC935FA00214899 /* CategoryNewsCell.swift */; };
		6CD530DD2CC9364300214899 /* RecommendedNewsView.swift in Sources */ = {isa = PBXBuildFile; fileRef = 6CD530DC2CC9364300214899 /* RecommendedNewsView.swift */; };
		E14788232CC6305B00752213 /* NewsDTO.swift in Sources */ = {isa = PBXBuildFile; fileRef = E14788222CC6305B00752213 /* NewsDTO.swift */; };
		E14788252CC644BD00752213 /* NewsAPISpec.swift in Sources */ = {isa = PBXBuildFile; fileRef = E14788242CC644BD00752213 /* NewsAPISpec.swift */; };
		E14788272CC64E6300752213 /* APIClient.swift in Sources */ = {isa = PBXBuildFile; fileRef = E14788262CC64E6300752213 /* APIClient.swift */; };
		E14788292CC64E7500752213 /* NetworkError.swift in Sources */ = {isa = PBXBuildFile; fileRef = E14788282CC64E7500752213 /* NetworkError.swift */; };
		E147882B2CC6500400752213 /* NewsAPIManager.swift in Sources */ = {isa = PBXBuildFile; fileRef = E147882A2CC6500400752213 /* NewsAPIManager.swift */; };
		E14788332CC674CF00752213 /* DS.swift in Sources */ = {isa = PBXBuildFile; fileRef = E14788322CC674CF00752213 /* DS.swift */; };
		E14788352CC6752700752213 /* Color + Ext.swift in Sources */ = {isa = PBXBuildFile; fileRef = E14788342CC6752700752213 /* Color + Ext.swift */; };
		E14788372CC6766500752213 /* CacheImplementation.swift in Sources */ = {isa = PBXBuildFile; fileRef = E14788362CC6766400752213 /* CacheImplementation.swift */; };
		E14788392CC6769D00752213 /* CacheEntry.swift in Sources */ = {isa = PBXBuildFile; fileRef = E14788382CC6769D00752213 /* CacheEntry.swift */; };
		E147883B2CC676DA00752213 /* CacheProtocol.swift in Sources */ = {isa = PBXBuildFile; fileRef = E147883A2CC676DA00752213 /* CacheProtocol.swift */; };
		E147883D2CC676FE00752213 /* KeysTracker.swift in Sources */ = {isa = PBXBuildFile; fileRef = E147883C2CC676FE00752213 /* KeysTracker.swift */; };
		E147883F2CC677E700752213 /* BackBarButton.swift in Sources */ = {isa = PBXBuildFile; fileRef = E147883E2CC677E700752213 /* BackBarButton.swift */; };
		E14788432CC67F1800752213 /* Categories.swift in Sources */ = {isa = PBXBuildFile; fileRef = E14788422CC67F1800752213 /* Categories.swift */; };
		E147884A2CC6DFDB00752213 /* AuthorizationMiddleware.swift in Sources */ = {isa = PBXBuildFile; fileRef = E14788492CC6DFDB00752213 /* AuthorizationMiddleware.swift */; };
		E147884E2CC833D100752213 /* DataFetchPhase.swift in Sources */ = {isa = PBXBuildFile; fileRef = E147884D2CC833D100752213 /* DataFetchPhase.swift */; };
		E14788502CC8E28700752213 /* CustomToolBar.swift in Sources */ = {isa = PBXBuildFile; fileRef = E147884F2CC8E1DD00752213 /* CustomToolBar.swift */; };
		E14788522CC8E43000752213 /* Font + Ext.swift in Sources */ = {isa = PBXBuildFile; fileRef = E14788512CC8E43000752213 /* Font + Ext.swift */; };
		E14788562CC8E56000752213 /* Inter-Medium.otf in Resources */ = {isa = PBXBuildFile; fileRef = E14788542CC8E56000752213 /* Inter-Medium.otf */; };
		E14788572CC8E56000752213 /* Inter-Regular.otf in Resources */ = {isa = PBXBuildFile; fileRef = E14788552CC8E56000752213 /* Inter-Regular.otf */; };
		E14788582CC8E56000752213 /* Inter-SemiBold.otf in Resources */ = {isa = PBXBuildFile; fileRef = E14788532CC8E56000752213 /* Inter-SemiBold.otf */; };
		E147885B2CC8F00100752213 /* APIManager.swift in Sources */ = {isa = PBXBuildFile; fileRef = E147885A2CC8F00100752213 /* APIManager.swift */; };
		E147885D2CC99B3600752213 /* SearchBar.swift in Sources */ = {isa = PBXBuildFile; fileRef = E147885C2CC99B3600752213 /* SearchBar.swift */; };
		E1C40DF62CCAC38B00DBEF75 /* CategoryCell.swift in Sources */ = {isa = PBXBuildFile; fileRef = E1C40DF52CCAC38B00DBEF75 /* CategoryCell.swift */; };
		E1C40DF92CCAC69A00DBEF75 /* StorageManager.swift in Sources */ = {isa = PBXBuildFile; fileRef = E1C40DF82CCAC69A00DBEF75 /* StorageManager.swift */; };
		E1C40DFB2CCD858000DBEF75 /* ImageStoreImpl.swift in Sources */ = {isa = PBXBuildFile; fileRef = E1C40DFA2CCD858000DBEF75 /* ImageStoreImpl.swift */; };
		E1C40DFD2CCD890800DBEF75 /* AsyncCachedImage.swift in Sources */ = {isa = PBXBuildFile; fileRef = E1C40DFC2CCD890800DBEF75 /* AsyncCachedImage.swift */; };
/* End PBXBuildFile section */

/* Begin PBXFileReference section */
		3717CAFF2CC8B22A0074FCE4 /* ArticleView.swift */ = {isa = PBXFileReference; lastKnownFileType = sourcecode.swift; path = ArticleView.swift; sourceTree = "<group>"; };
		3717CB062CC917860074FCE4 /* ProfileHeaderView.swift */ = {isa = PBXFileReference; lastKnownFileType = sourcecode.swift; path = ProfileHeaderView.swift; sourceTree = "<group>"; };
		3730B13F2CC568D6006AA874 /* OnboardingView.swift */ = {isa = PBXFileReference; lastKnownFileType = sourcecode.swift; path = OnboardingView.swift; sourceTree = "<group>"; };
		3730B1412CC56913006AA874 /* OnboardingViewModel.swift */ = {isa = PBXFileReference; lastKnownFileType = sourcecode.swift; path = OnboardingViewModel.swift; sourceTree = "<group>"; };
		3730B1432CC5694B006AA874 /* MainViewModel.swift */ = {isa = PBXFileReference; lastKnownFileType = sourcecode.swift; path = MainViewModel.swift; sourceTree = "<group>"; };
		3730B1452CC56969006AA874 /* MainView.swift */ = {isa = PBXFileReference; lastKnownFileType = sourcecode.swift; path = MainView.swift; sourceTree = "<group>"; };
		3730B1472CC5699B006AA874 /* ProfileViewModel.swift */ = {isa = PBXFileReference; lastKnownFileType = sourcecode.swift; path = ProfileViewModel.swift; sourceTree = "<group>"; };
		3730B1492CC569C5006AA874 /* ProfileView.swift */ = {isa = PBXFileReference; lastKnownFileType = sourcecode.swift; path = ProfileView.swift; sourceTree = "<group>"; };
		3730B14B2CC569F9006AA874 /* DetailView.swift */ = {isa = PBXFileReference; lastKnownFileType = sourcecode.swift; path = DetailView.swift; sourceTree = "<group>"; };
		3730B14D2CC56A0C006AA874 /* DetailViewModel.swift */ = {isa = PBXFileReference; lastKnownFileType = sourcecode.swift; path = DetailViewModel.swift; sourceTree = "<group>"; };
		3730B14F2CC56A62006AA874 /* CustomTabBarView.swift */ = {isa = PBXFileReference; lastKnownFileType = sourcecode.swift; path = CustomTabBarView.swift; sourceTree = "<group>"; };
		3730B1512CC56A7C006AA874 /* CustomTabBar.swift */ = {isa = PBXFileReference; lastKnownFileType = sourcecode.swift; path = CustomTabBar.swift; sourceTree = "<group>"; };
		3730B1532CC56ACE006AA874 /* BookmarksView.swift */ = {isa = PBXFileReference; lastKnownFileType = sourcecode.swift; path = BookmarksView.swift; sourceTree = "<group>"; };
		3730B1552CC56AE9006AA874 /* BookmarksViewModel.swift */ = {isa = PBXFileReference; lastKnownFileType = sourcecode.swift; path = BookmarksViewModel.swift; sourceTree = "<group>"; };
		3730B1572CC56B4A006AA874 /* CategoriesView.swift */ = {isa = PBXFileReference; lastKnownFileType = sourcecode.swift; path = CategoriesView.swift; sourceTree = "<group>"; };
		3730B1592CC56B68006AA874 /* CategoriesViewModel.swift */ = {isa = PBXFileReference; lastKnownFileType = sourcecode.swift; path = CategoriesViewModel.swift; sourceTree = "<group>"; };
		3730B15B2CC56BC2006AA874 /* RegistrationScreen.swift */ = {isa = PBXFileReference; lastKnownFileType = sourcecode.swift; path = RegistrationScreen.swift; sourceTree = "<group>"; };
		3730B15D2CC56BE5006AA874 /* UserModel.swift */ = {isa = PBXFileReference; lastKnownFileType = sourcecode.swift; path = UserModel.swift; sourceTree = "<group>"; };
		3730B1872CC673E6006AA874 /* Resources.swift */ = {isa = PBXFileReference; lastKnownFileType = sourcecode.swift; path = Resources.swift; sourceTree = "<group>"; };
		3730B18D2CC67457006AA874 /* CustomButton.swift */ = {isa = PBXFileReference; lastKnownFileType = sourcecode.swift; path = CustomButton.swift; sourceTree = "<group>"; };
		3740948F2CC5306500723D32 /* NewsToDayApp.app */ = {isa = PBXFileReference; explicitFileType = wrapper.application; includeInIndex = 0; path = NewsToDayApp.app; sourceTree = BUILT_PRODUCTS_DIR; };
		374094922CC5306600723D32 /* NewsToDayAppApp.swift */ = {isa = PBXFileReference; lastKnownFileType = sourcecode.swift; path = NewsToDayAppApp.swift; sourceTree = "<group>"; };
		374094942CC5306600723D32 /* ContentView.swift */ = {isa = PBXFileReference; lastKnownFileType = sourcecode.swift; path = ContentView.swift; sourceTree = "<group>"; };
		374094962CC5306B00723D32 /* Assets.xcassets */ = {isa = PBXFileReference; lastKnownFileType = folder.assetcatalog; path = Assets.xcassets; sourceTree = "<group>"; };
		374094992CC5306B00723D32 /* Preview Assets.xcassets */ = {isa = PBXFileReference; lastKnownFileType = folder.assetcatalog; path = "Preview Assets.xcassets"; sourceTree = "<group>"; };
		6CD530DA2CC935FA00214899 /* CategoryNewsCell.swift */ = {isa = PBXFileReference; lastKnownFileType = sourcecode.swift; path = CategoryNewsCell.swift; sourceTree = "<group>"; };
		6CD530DC2CC9364300214899 /* RecommendedNewsView.swift */ = {isa = PBXFileReference; lastKnownFileType = sourcecode.swift; path = RecommendedNewsView.swift; sourceTree = "<group>"; };
		E14788222CC6305B00752213 /* NewsDTO.swift */ = {isa = PBXFileReference; lastKnownFileType = sourcecode.swift; path = NewsDTO.swift; sourceTree = "<group>"; };
		E14788242CC644BD00752213 /* NewsAPISpec.swift */ = {isa = PBXFileReference; lastKnownFileType = sourcecode.swift; path = NewsAPISpec.swift; sourceTree = "<group>"; };
		E14788262CC64E6300752213 /* APIClient.swift */ = {isa = PBXFileReference; lastKnownFileType = sourcecode.swift; path = APIClient.swift; sourceTree = "<group>"; };
		E14788282CC64E7500752213 /* NetworkError.swift */ = {isa = PBXFileReference; lastKnownFileType = sourcecode.swift; path = NetworkError.swift; sourceTree = "<group>"; };
		E147882A2CC6500400752213 /* NewsAPIManager.swift */ = {isa = PBXFileReference; lastKnownFileType = sourcecode.swift; path = NewsAPIManager.swift; sourceTree = "<group>"; };
		E14788322CC674CF00752213 /* DS.swift */ = {isa = PBXFileReference; lastKnownFileType = sourcecode.swift; path = DS.swift; sourceTree = "<group>"; };
		E14788342CC6752700752213 /* Color + Ext.swift */ = {isa = PBXFileReference; lastKnownFileType = sourcecode.swift; path = "Color + Ext.swift"; sourceTree = "<group>"; };
		E14788362CC6766400752213 /* CacheImplementation.swift */ = {isa = PBXFileReference; lastKnownFileType = sourcecode.swift; path = CacheImplementation.swift; sourceTree = "<group>"; };
		E14788382CC6769D00752213 /* CacheEntry.swift */ = {isa = PBXFileReference; lastKnownFileType = sourcecode.swift; path = CacheEntry.swift; sourceTree = "<group>"; };
		E147883A2CC676DA00752213 /* CacheProtocol.swift */ = {isa = PBXFileReference; lastKnownFileType = sourcecode.swift; path = CacheProtocol.swift; sourceTree = "<group>"; };
		E147883C2CC676FE00752213 /* KeysTracker.swift */ = {isa = PBXFileReference; lastKnownFileType = sourcecode.swift; path = KeysTracker.swift; sourceTree = "<group>"; };
		E147883E2CC677E700752213 /* BackBarButton.swift */ = {isa = PBXFileReference; lastKnownFileType = sourcecode.swift; path = BackBarButton.swift; sourceTree = "<group>"; };
		E14788422CC67F1800752213 /* Categories.swift */ = {isa = PBXFileReference; lastKnownFileType = sourcecode.swift; path = Categories.swift; sourceTree = "<group>"; };
		E14788492CC6DFDB00752213 /* AuthorizationMiddleware.swift */ = {isa = PBXFileReference; lastKnownFileType = sourcecode.swift; path = AuthorizationMiddleware.swift; sourceTree = "<group>"; };
		E147884D2CC833D100752213 /* DataFetchPhase.swift */ = {isa = PBXFileReference; lastKnownFileType = sourcecode.swift; path = DataFetchPhase.swift; sourceTree = "<group>"; };
		E147884F2CC8E1DD00752213 /* CustomToolBar.swift */ = {isa = PBXFileReference; lastKnownFileType = sourcecode.swift; path = CustomToolBar.swift; sourceTree = "<group>"; };
		E14788512CC8E43000752213 /* Font + Ext.swift */ = {isa = PBXFileReference; lastKnownFileType = sourcecode.swift; path = "Font + Ext.swift"; sourceTree = "<group>"; };
		E14788532CC8E56000752213 /* Inter-SemiBold.otf */ = {isa = PBXFileReference; lastKnownFileType = file; path = "Inter-SemiBold.otf"; sourceTree = "<group>"; };
		E14788542CC8E56000752213 /* Inter-Medium.otf */ = {isa = PBXFileReference; lastKnownFileType = file; path = "Inter-Medium.otf"; sourceTree = "<group>"; };
		E14788552CC8E56000752213 /* Inter-Regular.otf */ = {isa = PBXFileReference; lastKnownFileType = file; path = "Inter-Regular.otf"; sourceTree = "<group>"; };
		E14788592CC8E6DE00752213 /* Info.plist */ = {isa = PBXFileReference; lastKnownFileType = text.plist; path = Info.plist; sourceTree = "<group>"; };
		E147885A2CC8F00100752213 /* APIManager.swift */ = {isa = PBXFileReference; lastKnownFileType = sourcecode.swift; path = APIManager.swift; sourceTree = "<group>"; };
		E147885C2CC99B3600752213 /* SearchBar.swift */ = {isa = PBXFileReference; lastKnownFileType = sourcecode.swift; path = SearchBar.swift; sourceTree = "<group>"; };
		E1C40DF52CCAC38B00DBEF75 /* CategoryCell.swift */ = {isa = PBXFileReference; lastKnownFileType = sourcecode.swift; path = CategoryCell.swift; sourceTree = "<group>"; };
		E1C40DF82CCAC69A00DBEF75 /* StorageManager.swift */ = {isa = PBXFileReference; lastKnownFileType = sourcecode.swift; path = StorageManager.swift; sourceTree = "<group>"; };
		E1C40DFA2CCD858000DBEF75 /* ImageStoreImpl.swift */ = {isa = PBXFileReference; lastKnownFileType = sourcecode.swift; path = ImageStoreImpl.swift; sourceTree = "<group>"; };
		E1C40DFC2CCD890800DBEF75 /* AsyncCachedImage.swift */ = {isa = PBXFileReference; lastKnownFileType = sourcecode.swift; path = AsyncCachedImage.swift; sourceTree = "<group>"; };
/* End PBXFileReference section */

/* Begin PBXFrameworksBuildPhase section */
		3740948C2CC5306500723D32 /* Frameworks */ = {
			isa = PBXFrameworksBuildPhase;
			buildActionMask = 2147483647;
			files = (
				3717CB0A2CC91E300074FCE4 /* Kingfisher in Frameworks */,
			);
			runOnlyForDeploymentPostprocessing = 0;
		};
/* End PBXFrameworksBuildPhase section */

/* Begin PBXGroup section */
		3730B1652CC61E69006AA874 /* NetworkManager */ = {
			isa = PBXGroup;
			children = (
				E147885A2CC8F00100752213 /* APIManager.swift */,
				E14788492CC6DFDB00752213 /* AuthorizationMiddleware.swift */,
				E14788282CC64E7500752213 /* NetworkError.swift */,
				E14788222CC6305B00752213 /* NewsDTO.swift */,
				E14788242CC644BD00752213 /* NewsAPISpec.swift */,
				E14788262CC64E6300752213 /* APIClient.swift */,
				E147882A2CC6500400752213 /* NewsAPIManager.swift */,
			);
			path = NetworkManager;
			sourceTree = "<group>";
		};
		3730B17F2CC67364006AA874 /* Managers */ = {
			isa = PBXGroup;
			children = (
				E1C40DFC2CCD890800DBEF75 /* AsyncCachedImage.swift */,
				E1C40DFA2CCD858000DBEF75 /* ImageStoreImpl.swift */,
				E1C40DF82CCAC69A00DBEF75 /* StorageManager.swift */,
				3730B1652CC61E69006AA874 /* NetworkManager */,
				3730B1802CC6736B006AA874 /* CacheManager */,
			);
			path = Managers;
			sourceTree = "<group>";
		};
		3730B1802CC6736B006AA874 /* CacheManager */ = {
			isa = PBXGroup;
			children = (
				E147884D2CC833D100752213 /* DataFetchPhase.swift */,
				E147883C2CC676FE00752213 /* KeysTracker.swift */,
				E147883A2CC676DA00752213 /* CacheProtocol.swift */,
				E14788382CC6769D00752213 /* CacheEntry.swift */,
				E14788362CC6766400752213 /* CacheImplementation.swift */,
			);
			path = CacheManager;
			sourceTree = "<group>";
		};
		3730B1832CC6738D006AA874 /* Extensions */ = {
			isa = PBXGroup;
			children = (
				E14788512CC8E43000752213 /* Font + Ext.swift */,
				E14788342CC6752700752213 /* Color + Ext.swift */,
			);
			path = Extensions;
			sourceTree = "<group>";
		};
		3730B1862CC673BE006AA874 /* DesignSystem */ = {
			isa = PBXGroup;
			children = (
				E14788462CC6831800752213 /* Fonts */,
				3730B1892CC673F2006AA874 /* Components */,
				3730B1872CC673E6006AA874 /* Resources.swift */,
				E14788322CC674CF00752213 /* DS.swift */,
			);
			path = DesignSystem;
			sourceTree = "<group>";
		};
		3730B1892CC673F2006AA874 /* Components */ = {
			isa = PBXGroup;
			children = (
				3730B18A2CC67405006AA874 /* ToolBar */,
				374094AB2CC53A5200723D32 /* TabBar */,
				3730B18D2CC67457006AA874 /* CustomButton.swift */,
				E147883E2CC677E700752213 /* BackBarButton.swift */,
			);
			path = Components;
			sourceTree = "<group>";
		};
		3730B18A2CC67405006AA874 /* ToolBar */ = {
			isa = PBXGroup;
			children = (
				E147884F2CC8E1DD00752213 /* CustomToolBar.swift */,
			);
			path = ToolBar;
			sourceTree = "<group>";
		};
		374094862CC5306500723D32 = {
			isa = PBXGroup;
			children = (
				374094912CC5306600723D32 /* NewsToDayApp */,
				374094902CC5306500723D32 /* Products */,
			);
			sourceTree = "<group>";
		};
		374094902CC5306500723D32 /* Products */ = {
			isa = PBXGroup;
			children = (
				3740948F2CC5306500723D32 /* NewsToDayApp.app */,
			);
			name = Products;
			sourceTree = "<group>";
		};
		374094912CC5306600723D32 /* NewsToDayApp */ = {
			isa = PBXGroup;
			children = (
				E14788592CC8E6DE00752213 /* Info.plist */,
				374094922CC5306600723D32 /* NewsToDayAppApp.swift */,
				374094942CC5306600723D32 /* ContentView.swift */,
				374094AF2CC5455E00723D32 /* Screens */,
				3730B17F2CC67364006AA874 /* Managers */,
				374094AE2CC5450D00723D32 /* Resources */,
				374094982CC5306B00723D32 /* Preview Content */,
			);
			path = NewsToDayApp;
			sourceTree = "<group>";
			usesTabs = 0;
		};
		374094982CC5306B00723D32 /* Preview Content */ = {
			isa = PBXGroup;
			children = (
				374094992CC5306B00723D32 /* Preview Assets.xcassets */,
			);
			path = "Preview Content";
			sourceTree = "<group>";
		};
		374094A02CC530B100723D32 /* OnboardingScreen */ = {
			isa = PBXGroup;
			children = (
				3730B13F2CC568D6006AA874 /* OnboardingView.swift */,
				3730B1412CC56913006AA874 /* OnboardingViewModel.swift */,
			);
			path = OnboardingScreen;
			sourceTree = "<group>";
		};
		374094A32CC5357F00723D32 /* MainScreen */ = {
			isa = PBXGroup;
			children = (
				E1C40DF72CCAC61100DBEF75 /* SubViws */,
				3730B1432CC5694B006AA874 /* MainViewModel.swift */,
				3730B1452CC56969006AA874 /* MainView.swift */,
			);
			path = MainScreen;
			sourceTree = "<group>";
		};
		374094A62CC535E600723D32 /* DetailScreen */ = {
			isa = PBXGroup;
			children = (
				3730B14B2CC569F9006AA874 /* DetailView.swift */,
				3730B14D2CC56A0C006AA874 /* DetailViewModel.swift */,
			);
			path = DetailScreen;
			sourceTree = "<group>";
		};
		374094A82CC5375700723D32 /* ProfileScreen */ = {
			isa = PBXGroup;
			children = (
				3730B1472CC5699B006AA874 /* ProfileViewModel.swift */,
				3730B1492CC569C5006AA874 /* ProfileView.swift */,
				3717CB062CC917860074FCE4 /* ProfileHeaderView.swift */,
			);
			path = ProfileScreen;
			sourceTree = "<group>";
		};
		374094A92CC539E300723D32 /* FavoritesScreen */ = {
			isa = PBXGroup;
			children = (
				3730B1532CC56ACE006AA874 /* BookmarksView.swift */,
				3730B1552CC56AE9006AA874 /* BookmarksViewModel.swift */,
				3717CAFF2CC8B22A0074FCE4 /* ArticleView.swift */,
			);
			path = FavoritesScreen;
			sourceTree = "<group>";
		};
		374094AB2CC53A5200723D32 /* TabBar */ = {
			isa = PBXGroup;
			children = (
				3730B14F2CC56A62006AA874 /* CustomTabBarView.swift */,
				3730B1512CC56A7C006AA874 /* CustomTabBar.swift */,
			);
			path = TabBar;
			sourceTree = "<group>";
		};
		374094AC2CC5442600723D32 /* Authentication */ = {
			isa = PBXGroup;
			children = (
				3730B15B2CC56BC2006AA874 /* RegistrationScreen.swift */,
				3730B15D2CC56BE5006AA874 /* UserModel.swift */,
			);
			path = Authentication;
			sourceTree = "<group>";
		};
		374094AD2CC5443E00723D32 /* CategoriesScreen */ = {
			isa = PBXGroup;
			children = (
				E14788422CC67F1800752213 /* Categories.swift */,
				3730B1572CC56B4A006AA874 /* CategoriesView.swift */,
				3730B1592CC56B68006AA874 /* CategoriesViewModel.swift */,
			);
			path = CategoriesScreen;
			sourceTree = "<group>";
		};
		374094AE2CC5450D00723D32 /* Resources */ = {
			isa = PBXGroup;
			children = (
				3730B1832CC6738D006AA874 /* Extensions */,
				3730B1862CC673BE006AA874 /* DesignSystem */,
				374094962CC5306B00723D32 /* Assets.xcassets */,
			);
			path = Resources;
			sourceTree = "<group>";
		};
		374094AF2CC5455E00723D32 /* Screens */ = {
			isa = PBXGroup;
			children = (
				374094A02CC530B100723D32 /* OnboardingScreen */,
				374094A32CC5357F00723D32 /* MainScreen */,
				374094A92CC539E300723D32 /* FavoritesScreen */,
				374094A62CC535E600723D32 /* DetailScreen */,
				374094A82CC5375700723D32 /* ProfileScreen */,
				374094AD2CC5443E00723D32 /* CategoriesScreen */,
				374094AC2CC5442600723D32 /* Authentication */,
			);
			path = Screens;
			sourceTree = "<group>";
		};
		E14788462CC6831800752213 /* Fonts */ = {
			isa = PBXGroup;
			children = (
				E14788532CC8E56000752213 /* Inter-SemiBold.otf */,
				E14788542CC8E56000752213 /* Inter-Medium.otf */,
				E14788552CC8E56000752213 /* Inter-Regular.otf */,
			);
			path = Fonts;
			sourceTree = "<group>";
		};
		E1C40DF72CCAC61100DBEF75 /* SubViws */ = {
			isa = PBXGroup;
			children = (
				E1C40DF52CCAC38B00DBEF75 /* CategoryCell.swift */,
				E147885C2CC99B3600752213 /* SearchBar.swift */,
				6CD530DC2CC9364300214899 /* RecommendedNewsView.swift */,
				6CD530DA2CC935FA00214899 /* CategoryNewsCell.swift */,
			);
			path = SubViws;
			sourceTree = "<group>";
		};
/* End PBXGroup section */

/* Begin PBXNativeTarget section */
		3740948E2CC5306500723D32 /* NewsToDayApp */ = {
			isa = PBXNativeTarget;
			buildConfigurationList = 3740949D2CC5306B00723D32 /* Build configuration list for PBXNativeTarget "NewsToDayApp" */;
			buildPhases = (
				3740948B2CC5306500723D32 /* Sources */,
				3740948C2CC5306500723D32 /* Frameworks */,
				3740948D2CC5306500723D32 /* Resources */,
			);
			buildRules = (
			);
			dependencies = (
				3717CB0C2CC91E5B0074FCE4 /* PBXTargetDependency */,
			);
			name = NewsToDayApp;
			packageProductDependencies = (
				3717CB092CC91E300074FCE4 /* Kingfisher */,
			);
			productName = NewsToDayApp;
			productReference = 3740948F2CC5306500723D32 /* NewsToDayApp.app */;
			productType = "com.apple.product-type.application";
		};
/* End PBXNativeTarget section */

/* Begin PBXProject section */
		374094872CC5306500723D32 /* Project object */ = {
			isa = PBXProject;
			attributes = {
				BuildIndependentTargetsInParallel = 1;
				LastSwiftUpdateCheck = 1420;
				LastUpgradeCheck = 1600;
				TargetAttributes = {
					3740948E2CC5306500723D32 = {
						CreatedOnToolsVersion = 14.2;
					};
				};
			};
			buildConfigurationList = 3740948A2CC5306500723D32 /* Build configuration list for PBXProject "NewsToDayApp" */;
			compatibilityVersion = "Xcode 14.0";
			developmentRegion = en;
			hasScannedForEncodings = 0;
			knownRegions = (
				en,
				Base,
				ru,
			);
			mainGroup = 374094862CC5306500723D32;
			packageReferences = (
				3717CB082CC91E300074FCE4 /* XCRemoteSwiftPackageReference "Kingfisher" */,
			);
			productRefGroup = 374094902CC5306500723D32 /* Products */;
			projectDirPath = "";
			projectRoot = "";
			targets = (
				3740948E2CC5306500723D32 /* NewsToDayApp */,
			);
		};
/* End PBXProject section */

/* Begin PBXResourcesBuildPhase section */
		3740948D2CC5306500723D32 /* Resources */ = {
			isa = PBXResourcesBuildPhase;
			buildActionMask = 2147483647;
			files = (
				E14788562CC8E56000752213 /* Inter-Medium.otf in Resources */,
				E14788572CC8E56000752213 /* Inter-Regular.otf in Resources */,
				E14788582CC8E56000752213 /* Inter-SemiBold.otf in Resources */,
				3740949A2CC5306B00723D32 /* Preview Assets.xcassets in Resources */,
				374094972CC5306B00723D32 /* Assets.xcassets in Resources */,
			);
			runOnlyForDeploymentPostprocessing = 0;
		};
/* End PBXResourcesBuildPhase section */

/* Begin PBXSourcesBuildPhase section */
		3740948B2CC5306500723D32 /* Sources */ = {
			isa = PBXSourcesBuildPhase;
			buildActionMask = 2147483647;
			files = (
				E14788502CC8E28700752213 /* CustomToolBar.swift in Sources */,
				3730B14A2CC569C5006AA874 /* ProfileView.swift in Sources */,
				E14788292CC64E7500752213 /* NetworkError.swift in Sources */,
				3730B14C2CC569F9006AA874 /* DetailView.swift in Sources */,
				E14788372CC6766500752213 /* CacheImplementation.swift in Sources */,
				E14788522CC8E43000752213 /* Font + Ext.swift in Sources */,
				3717CB002CC8B22A0074FCE4 /* ArticleView.swift in Sources */,
				3730B1542CC56ACE006AA874 /* BookmarksView.swift in Sources */,
				E14788232CC6305B00752213 /* NewsDTO.swift in Sources */,
				E14788272CC64E6300752213 /* APIClient.swift in Sources */,
				3717CB072CC917860074FCE4 /* ProfileHeaderView.swift in Sources */,
				E14788352CC6752700752213 /* Color + Ext.swift in Sources */,
				3730B15C2CC56BC2006AA874 /* RegistrationScreen.swift in Sources */,
				3730B1442CC5694B006AA874 /* MainViewModel.swift in Sources */,
				E1C40DF62CCAC38B00DBEF75 /* CategoryCell.swift in Sources */,
				E147882B2CC6500400752213 /* NewsAPIManager.swift in Sources */,
				3730B14E2CC56A0C006AA874 /* DetailViewModel.swift in Sources */,
				3730B1522CC56A7C006AA874 /* CustomTabBar.swift in Sources */,
				3730B15A2CC56B68006AA874 /* CategoriesViewModel.swift in Sources */,
				6CD530DB2CC935FA00214899 /* CategoryNewsCell.swift in Sources */,
				3730B1462CC56969006AA874 /* MainView.swift in Sources */,
				3730B1402CC568D6006AA874 /* OnboardingView.swift in Sources */,
				6CD530DD2CC9364300214899 /* RecommendedNewsView.swift in Sources */,
				E1C40DFD2CCD890800DBEF75 /* AsyncCachedImage.swift in Sources */,
				3730B1582CC56B4A006AA874 /* CategoriesView.swift in Sources */,
				3730B1562CC56AE9006AA874 /* BookmarksViewModel.swift in Sources */,
				E147884A2CC6DFDB00752213 /* AuthorizationMiddleware.swift in Sources */,
				374094952CC5306600723D32 /* ContentView.swift in Sources */,
				E147883D2CC676FE00752213 /* KeysTracker.swift in Sources */,
				E147884E2CC833D100752213 /* DataFetchPhase.swift in Sources */,
				E1C40DFB2CCD858000DBEF75 /* ImageStoreImpl.swift in Sources */,
				E14788392CC6769D00752213 /* CacheEntry.swift in Sources */,
				E14788332CC674CF00752213 /* DS.swift in Sources */,
				E147885D2CC99B3600752213 /* SearchBar.swift in Sources */,
				E147883F2CC677E700752213 /* BackBarButton.swift in Sources */,
				374094932CC5306600723D32 /* NewsToDayAppApp.swift in Sources */,
				E14788252CC644BD00752213 /* NewsAPISpec.swift in Sources */,
				E147883B2CC676DA00752213 /* CacheProtocol.swift in Sources */,
				E147885B2CC8F00100752213 /* APIManager.swift in Sources */,
				3730B1422CC56913006AA874 /* OnboardingViewModel.swift in Sources */,
				E14788432CC67F1800752213 /* Categories.swift in Sources */,
				3730B1482CC5699B006AA874 /* ProfileViewModel.swift in Sources */,
				3730B18E2CC67457006AA874 /* CustomButton.swift in Sources */,
				3730B1882CC673E6006AA874 /* Resources.swift in Sources */,
				3730B15E2CC56BE5006AA874 /* UserModel.swift in Sources */,
				3730B1502CC56A62006AA874 /* CustomTabBarView.swift in Sources */,
				E1C40DF92CCAC69A00DBEF75 /* StorageManager.swift in Sources */,
			);
			runOnlyForDeploymentPostprocessing = 0;
		};
/* End PBXSourcesBuildPhase section */

/* Begin PBXTargetDependency section */
		3717CB0C2CC91E5B0074FCE4 /* PBXTargetDependency */ = {
			isa = PBXTargetDependency;
			productRef = 3717CB0B2CC91E5B0074FCE4 /* Kingfisher */;
		};
/* End PBXTargetDependency section */

/* Begin XCBuildConfiguration section */
		3740949B2CC5306B00723D32 /* Debug */ = {
			isa = XCBuildConfiguration;
			buildSettings = {
				ALWAYS_SEARCH_USER_PATHS = NO;
				ASSETCATALOG_COMPILER_GENERATE_SWIFT_ASSET_SYMBOL_EXTENSIONS = YES;
				CLANG_ANALYZER_NONNULL = YES;
				CLANG_ANALYZER_NUMBER_OBJECT_CONVERSION = YES_AGGRESSIVE;
				CLANG_CXX_LANGUAGE_STANDARD = "gnu++20";
				CLANG_ENABLE_MODULES = YES;
				CLANG_ENABLE_OBJC_ARC = YES;
				CLANG_ENABLE_OBJC_WEAK = YES;
				CLANG_WARN_BLOCK_CAPTURE_AUTORELEASING = YES;
				CLANG_WARN_BOOL_CONVERSION = YES;
				CLANG_WARN_COMMA = YES;
				CLANG_WARN_CONSTANT_CONVERSION = YES;
				CLANG_WARN_DEPRECATED_OBJC_IMPLEMENTATIONS = YES;
				CLANG_WARN_DIRECT_OBJC_ISA_USAGE = YES_ERROR;
				CLANG_WARN_DOCUMENTATION_COMMENTS = YES;
				CLANG_WARN_EMPTY_BODY = YES;
				CLANG_WARN_ENUM_CONVERSION = YES;
				CLANG_WARN_INFINITE_RECURSION = YES;
				CLANG_WARN_INT_CONVERSION = YES;
				CLANG_WARN_NON_LITERAL_NULL_CONVERSION = YES;
				CLANG_WARN_OBJC_IMPLICIT_RETAIN_SELF = YES;
				CLANG_WARN_OBJC_LITERAL_CONVERSION = YES;
				CLANG_WARN_OBJC_ROOT_CLASS = YES_ERROR;
				CLANG_WARN_QUOTED_INCLUDE_IN_FRAMEWORK_HEADER = YES;
				CLANG_WARN_RANGE_LOOP_ANALYSIS = YES;
				CLANG_WARN_STRICT_PROTOTYPES = YES;
				CLANG_WARN_SUSPICIOUS_MOVE = YES;
				CLANG_WARN_UNGUARDED_AVAILABILITY = YES_AGGRESSIVE;
				CLANG_WARN_UNREACHABLE_CODE = YES;
				CLANG_WARN__DUPLICATE_METHOD_MATCH = YES;
				COPY_PHASE_STRIP = NO;
				DEBUG_INFORMATION_FORMAT = dwarf;
				ENABLE_STRICT_OBJC_MSGSEND = YES;
				ENABLE_TESTABILITY = YES;
				GCC_C_LANGUAGE_STANDARD = gnu11;
				GCC_DYNAMIC_NO_PIC = NO;
				GCC_NO_COMMON_BLOCKS = YES;
				GCC_OPTIMIZATION_LEVEL = 0;
				GCC_PREPROCESSOR_DEFINITIONS = (
					"DEBUG=1",
					"$(inherited)",
				);
				GCC_WARN_64_TO_32_BIT_CONVERSION = YES;
				GCC_WARN_ABOUT_RETURN_TYPE = YES_ERROR;
				GCC_WARN_UNDECLARED_SELECTOR = YES;
				GCC_WARN_UNINITIALIZED_AUTOS = YES_AGGRESSIVE;
				GCC_WARN_UNUSED_FUNCTION = YES;
				GCC_WARN_UNUSED_VARIABLE = YES;
				IPHONEOS_DEPLOYMENT_TARGET = 16.2;
				MTL_ENABLE_DEBUG_INFO = INCLUDE_SOURCE;
				MTL_FAST_MATH = YES;
				ONLY_ACTIVE_ARCH = YES;
				SDKROOT = iphoneos;
				SWIFT_ACTIVE_COMPILATION_CONDITIONS = DEBUG;
				SWIFT_OPTIMIZATION_LEVEL = "-Onone";
			};
			name = Debug;
		};
		3740949C2CC5306B00723D32 /* Release */ = {
			isa = XCBuildConfiguration;
			buildSettings = {
				ALWAYS_SEARCH_USER_PATHS = NO;
				ASSETCATALOG_COMPILER_GENERATE_SWIFT_ASSET_SYMBOL_EXTENSIONS = YES;
				CLANG_ANALYZER_NONNULL = YES;
				CLANG_ANALYZER_NUMBER_OBJECT_CONVERSION = YES_AGGRESSIVE;
				CLANG_CXX_LANGUAGE_STANDARD = "gnu++20";
				CLANG_ENABLE_MODULES = YES;
				CLANG_ENABLE_OBJC_ARC = YES;
				CLANG_ENABLE_OBJC_WEAK = YES;
				CLANG_WARN_BLOCK_CAPTURE_AUTORELEASING = YES;
				CLANG_WARN_BOOL_CONVERSION = YES;
				CLANG_WARN_COMMA = YES;
				CLANG_WARN_CONSTANT_CONVERSION = YES;
				CLANG_WARN_DEPRECATED_OBJC_IMPLEMENTATIONS = YES;
				CLANG_WARN_DIRECT_OBJC_ISA_USAGE = YES_ERROR;
				CLANG_WARN_DOCUMENTATION_COMMENTS = YES;
				CLANG_WARN_EMPTY_BODY = YES;
				CLANG_WARN_ENUM_CONVERSION = YES;
				CLANG_WARN_INFINITE_RECURSION = YES;
				CLANG_WARN_INT_CONVERSION = YES;
				CLANG_WARN_NON_LITERAL_NULL_CONVERSION = YES;
				CLANG_WARN_OBJC_IMPLICIT_RETAIN_SELF = YES;
				CLANG_WARN_OBJC_LITERAL_CONVERSION = YES;
				CLANG_WARN_OBJC_ROOT_CLASS = YES_ERROR;
				CLANG_WARN_QUOTED_INCLUDE_IN_FRAMEWORK_HEADER = YES;
				CLANG_WARN_RANGE_LOOP_ANALYSIS = YES;
				CLANG_WARN_STRICT_PROTOTYPES = YES;
				CLANG_WARN_SUSPICIOUS_MOVE = YES;
				CLANG_WARN_UNGUARDED_AVAILABILITY = YES_AGGRESSIVE;
				CLANG_WARN_UNREACHABLE_CODE = YES;
				CLANG_WARN__DUPLICATE_METHOD_MATCH = YES;
				COPY_PHASE_STRIP = NO;
				DEBUG_INFORMATION_FORMAT = "dwarf-with-dsym";
				ENABLE_NS_ASSERTIONS = NO;
				ENABLE_STRICT_OBJC_MSGSEND = YES;
				GCC_C_LANGUAGE_STANDARD = gnu11;
				GCC_NO_COMMON_BLOCKS = YES;
				GCC_WARN_64_TO_32_BIT_CONVERSION = YES;
				GCC_WARN_ABOUT_RETURN_TYPE = YES_ERROR;
				GCC_WARN_UNDECLARED_SELECTOR = YES;
				GCC_WARN_UNINITIALIZED_AUTOS = YES_AGGRESSIVE;
				GCC_WARN_UNUSED_FUNCTION = YES;
				GCC_WARN_UNUSED_VARIABLE = YES;
				IPHONEOS_DEPLOYMENT_TARGET = 16.2;
				MTL_ENABLE_DEBUG_INFO = NO;
				MTL_FAST_MATH = YES;
				SDKROOT = iphoneos;
				SWIFT_COMPILATION_MODE = wholemodule;
				SWIFT_OPTIMIZATION_LEVEL = "-O";
				VALIDATE_PRODUCT = YES;
			};
			name = Release;
		};
		3740949E2CC5306B00723D32 /* Debug */ = {
			isa = XCBuildConfiguration;
			buildSettings = {
				ASSETCATALOG_COMPILER_APPICON_NAME = AppIcon;
				ASSETCATALOG_COMPILER_GLOBAL_ACCENT_COLOR_NAME = AccentColor;
				CODE_SIGN_STYLE = Automatic;
				CURRENT_PROJECT_VERSION = 1;
				DEVELOPMENT_ASSET_PATHS = "\"NewsToDayApp/Preview Content\"";
				ENABLE_PREVIEWS = YES;
				GENERATE_INFOPLIST_FILE = YES;
				INFOPLIST_FILE = NewsToDayApp/Info.plist;
				INFOPLIST_KEY_UIApplicationSceneManifest_Generation = YES;
				INFOPLIST_KEY_UIApplicationSupportsIndirectInputEvents = YES;
				INFOPLIST_KEY_UILaunchScreen_Generation = YES;
				INFOPLIST_KEY_UIStatusBarStyle = "";
				INFOPLIST_KEY_UISupportedInterfaceOrientations = UIInterfaceOrientationPortrait;
				INFOPLIST_KEY_UISupportedInterfaceOrientations_iPad = "UIInterfaceOrientationLandscapeLeft UIInterfaceOrientationLandscapeRight UIInterfaceOrientationPortrait UIInterfaceOrientationPortraitUpsideDown";
				IPHONEOS_DEPLOYMENT_TARGET = 15.6;
				"IPHONEOS_DEPLOYMENT_TARGET[sdk=iphoneos*]" = 15.0;
				LD_RUNPATH_SEARCH_PATHS = (
					"$(inherited)",
					"@executable_path/Frameworks",
				);
				MARKETING_VERSION = 1.0;
				PRODUCT_BUNDLE_IDENTIFIER = evgenyk.NewsToDayApp;
				PRODUCT_NAME = "$(TARGET_NAME)";
				SUPPORTED_PLATFORMS = "iphoneos iphonesimulator";
				SUPPORTS_MACCATALYST = NO;
				SUPPORTS_MAC_DESIGNED_FOR_IPHONE_IPAD = NO;
				SUPPORTS_XR_DESIGNED_FOR_IPHONE_IPAD = NO;
				SWIFT_EMIT_LOC_STRINGS = YES;
				SWIFT_VERSION = 5.0;
				TARGETED_DEVICE_FAMILY = 1;
			};
			name = Debug;
		};
		3740949F2CC5306B00723D32 /* Release */ = {
			isa = XCBuildConfiguration;
			buildSettings = {
				ASSETCATALOG_COMPILER_APPICON_NAME = AppIcon;
				ASSETCATALOG_COMPILER_GLOBAL_ACCENT_COLOR_NAME = AccentColor;
				CODE_SIGN_STYLE = Automatic;
				CURRENT_PROJECT_VERSION = 1;
				DEVELOPMENT_ASSET_PATHS = "\"NewsToDayApp/Preview Content\"";
				ENABLE_PREVIEWS = YES;
				GENERATE_INFOPLIST_FILE = YES;
				INFOPLIST_FILE = NewsToDayApp/Info.plist;
				INFOPLIST_KEY_UIApplicationSceneManifest_Generation = YES;
				INFOPLIST_KEY_UIApplicationSupportsIndirectInputEvents = YES;
				INFOPLIST_KEY_UILaunchScreen_Generation = YES;
				INFOPLIST_KEY_UIStatusBarStyle = "";
				INFOPLIST_KEY_UISupportedInterfaceOrientations = UIInterfaceOrientationPortrait;
				INFOPLIST_KEY_UISupportedInterfaceOrientations_iPad = "UIInterfaceOrientationLandscapeLeft UIInterfaceOrientationLandscapeRight UIInterfaceOrientationPortrait UIInterfaceOrientationPortraitUpsideDown";
				IPHONEOS_DEPLOYMENT_TARGET = 15.6;
				LD_RUNPATH_SEARCH_PATHS = (
					"$(inherited)",
					"@executable_path/Frameworks",
				);
				MARKETING_VERSION = 1.0;
				PRODUCT_BUNDLE_IDENTIFIER = evgenyk.NewsToDayApp;
				PRODUCT_NAME = "$(TARGET_NAME)";
				SUPPORTED_PLATFORMS = "iphoneos iphonesimulator";
				SUPPORTS_MACCATALYST = NO;
				SUPPORTS_MAC_DESIGNED_FOR_IPHONE_IPAD = NO;
				SUPPORTS_XR_DESIGNED_FOR_IPHONE_IPAD = NO;
				SWIFT_EMIT_LOC_STRINGS = YES;
				SWIFT_VERSION = 5.0;
				TARGETED_DEVICE_FAMILY = 1;
			};
			name = Release;
		};
/* End XCBuildConfiguration section */

/* Begin XCConfigurationList section */
		3740948A2CC5306500723D32 /* Build configuration list for PBXProject "NewsToDayApp" */ = {
			isa = XCConfigurationList;
			buildConfigurations = (
				3740949B2CC5306B00723D32 /* Debug */,
				3740949C2CC5306B00723D32 /* Release */,
			);
			defaultConfigurationIsVisible = 0;
			defaultConfigurationName = Release;
		};
		3740949D2CC5306B00723D32 /* Build configuration list for PBXNativeTarget "NewsToDayApp" */ = {
			isa = XCConfigurationList;
			buildConfigurations = (
				3740949E2CC5306B00723D32 /* Debug */,
				3740949F2CC5306B00723D32 /* Release */,
			);
			defaultConfigurationIsVisible = 0;
			defaultConfigurationName = Release;
		};
/* End XCConfigurationList section */

/* Begin XCRemoteSwiftPackageReference section */
		3717CB082CC91E300074FCE4 /* XCRemoteSwiftPackageReference "Kingfisher" */ = {
			isa = XCRemoteSwiftPackageReference;
			repositoryURL = "https://github.com/onevcat/Kingfisher.git";
			requirement = {
				kind = upToNextMajorVersion;
				minimumVersion = 7.10.1;
			};
		};
/* End XCRemoteSwiftPackageReference section */

/* Begin XCSwiftPackageProductDependency section */
		3717CB092CC91E300074FCE4 /* Kingfisher */ = {
			isa = XCSwiftPackageProductDependency;
			package = 3717CB082CC91E300074FCE4 /* XCRemoteSwiftPackageReference "Kingfisher" */;
			productName = Kingfisher;
		};
		3717CB0B2CC91E5B0074FCE4 /* Kingfisher */ = {
			isa = XCSwiftPackageProductDependency;
			package = 3717CB082CC91E300074FCE4 /* XCRemoteSwiftPackageReference "Kingfisher" */;
			productName = Kingfisher;
		};
/* End XCSwiftPackageProductDependency section */
	};
	rootObject = 374094872CC5306500723D32 /* Project object */;
}
